
Microsoft Visual Studio Solution File, Format Version 12.00
# Visual Studio Version 17
VisualStudioVersion = 17.5.33502.453
MinimumVisualStudioVersion = 10.0.40219.1
Project("{FAE04EC0-301F-11D3-BF4B-00C04F79EFBC}") = "app", "app\app.csproj", "{F6B25A1F-FD6E-4395-983E-74618DF7DCF6}"
EndProject
Global
	GlobalSection(SolutionConfigurationPlatforms) = preSolution
		Debug|Any CPU = Debug|Any CPU
		Release|Any CPU = Release|Any CPU
	EndGlobalSection
	GlobalSection(ProjectConfigurationPlatforms) = postSolution
		{F6B25A1F-FD6E-4395-983E-74618DF7DCF6}.Debug|Any CPU.ActiveCfg = Debug|Any CPU
		{F6B25A1F-FD6E-4395-983E-74618DF7DCF6}.Debug|Any CPU.Build.0 = Debug|Any CPU
		{F6B25A1F-FD6E-4395-983E-74618DF7DCF6}.Release|Any CPU.ActiveCfg = Release|Any CPU
		{F6B25A1F-FD6E-4395-983E-74618DF7DCF6}.Release|Any CPU.Build.0 = Release|Any CPU
	EndGlobalSection
	GlobalSection(SolutionProperties) = preSolution
		HideSolutionNode = FALSE
	EndGlobalSection
	GlobalSection(ExtensibilityGlobals) = postSolution
		SolutionGuid = {9421E2CE-42AE-4C4D-BE42-C1B50D0A51E5}
	EndGlobalSection
EndGlobal
